
Microsoft Visual Studio Solution File, Format Version 12.00
# Visual Studio 15
VisualStudioVersion = 15.0.28307.168
MinimumVisualStudioVersion = 10.0.40219.1
Project("{FAE04EC0-301F-11D3-BF4B-00C04F79EFBC}") = "vtysBildiri", "vtysBildiri\vtysBildiri.csproj", "{5A5D8996-F2C7-49C3-A79F-D47E9C81B084}"
EndProject
Global
	GlobalSection(SolutionConfigurationPlatforms) = preSolution
		Debug|Any CPU = Debug|Any CPU
		Release|Any CPU = Release|Any CPU
	EndGlobalSection
	GlobalSection(ProjectConfigurationPlatforms) = postSolution
		{5A5D8996-F2C7-49C3-A79F-D47E9C81B084}.Debug|Any CPU.ActiveCfg = Debug|Any CPU
		{5A5D8996-F2C7-49C3-A79F-D47E9C81B084}.Debug|Any CPU.Build.0 = Debug|Any CPU
		{5A5D8996-F2C7-49C3-A79F-D47E9C81B084}.Release|Any CPU.ActiveCfg = Release|Any CPU
		{5A5D8996-F2C7-49C3-A79F-D47E9C81B084}.Release|Any CPU.Build.0 = Release|Any CPU
	EndGlobalSection
	GlobalSection(SolutionProperties) = preSolution
		HideSolutionNode = FALSE
	EndGlobalSection
	GlobalSection(ExtensibilityGlobals) = postSolution
		SolutionGuid = {AABD9237-E993-4432-93A8-E2F037E1B5E0}
	EndGlobalSection
EndGlobal
